
Microsoft Visual Studio Solution File, Format Version 12.00
# Visual Studio 15
VisualStudioVersion = 15.0.27703.2035
MinimumVisualStudioVersion = 10.0.40219.1
Project("{FAE04EC0-301F-11D3-BF4B-00C04F79EFBC}") = "AppCenterTestApp.Android", "AppCenterTestApp\AppCenterTestApp.Android\AppCenterTestApp.Android.csproj", "{A8B95480-A278-408B-9595-10379CE486EC}"
EndProject
Project("{FAE04EC0-301F-11D3-BF4B-00C04F79EFBC}") = "AppCenterTestApp.UWP", "AppCenterTestApp\AppCenterTestApp.UWP\AppCenterTestApp.UWP.csproj", "{CB9EF680-7C40-4D4C-B0AF-DE0F0A2C1034}"
EndProject
Project("{9A19103F-16F7-4668-BE54-9A1E7A4F7556}") = "AppCenterTestApp", "AppCenterTestApp\AppCenterTestApp\AppCenterTestApp.csproj", "{81E848DF-9CD7-4FA4-8763-19B3DCC88894}"
EndProject
Project("{FAE04EC0-301F-11D3-BF4B-00C04F79EFBC}") = "AppCenterTestApp.UITest", "AppCenterTestApp.UITest\AppCenterTestApp.UITest.csproj", "{B19C892E-2628-4CA7-AD27-08D406A3B14B}"
EndProject
Project("{FAE04EC0-301F-11D3-BF4B-00C04F79EFBC}") = "AppCenterTestApp.iOS", "AppCenterTestApp\AppCenterTestApp.iOS\AppCenterTestApp.iOS.csproj", "{6DC0AEA1-D661-43D5-A294-F8AFE9EB32DB}"
EndProject
Global
	GlobalSection(SolutionConfigurationPlatforms) = preSolution
		Ad-Hoc|Any CPU = Ad-Hoc|Any CPU
		Ad-Hoc|ARM = Ad-Hoc|ARM
		Ad-Hoc|iPhone = Ad-Hoc|iPhone
		Ad-Hoc|iPhoneSimulator = Ad-Hoc|iPhoneSimulator
		Ad-Hoc|x64 = Ad-Hoc|x64
		Ad-Hoc|x86 = Ad-Hoc|x86
		AppStore|Any CPU = AppStore|Any CPU
		AppStore|ARM = AppStore|ARM
		AppStore|iPhone = AppStore|iPhone
		AppStore|iPhoneSimulator = AppStore|iPhoneSimulator
		AppStore|x64 = AppStore|x64
		AppStore|x86 = AppStore|x86
		Debug|Any CPU = Debug|Any CPU
		Debug|ARM = Debug|ARM
		Debug|iPhone = Debug|iPhone
		Debug|iPhoneSimulator = Debug|iPhoneSimulator
		Debug|x64 = Debug|x64
		Debug|x86 = Debug|x86
		Release|Any CPU = Release|Any CPU
		Release|ARM = Release|ARM
		Release|iPhone = Release|iPhone
		Release|iPhoneSimulator = Release|iPhoneSimulator
		Release|x64 = Release|x64
		Release|x86 = Release|x86
	EndGlobalSection
	GlobalSection(ProjectConfigurationPlatforms) = postSolution
		{A8B95480-A278-408B-9595-10379CE486EC}.Ad-Hoc|Any CPU.ActiveCfg = Release|Any CPU
		{A8B95480-A278-408B-9595-10379CE486EC}.Ad-Hoc|Any CPU.Build.0 = Release|Any CPU
		{A8B95480-A278-408B-9595-10379CE486EC}.Ad-Hoc|Any CPU.Deploy.0 = Release|Any CPU
		{A8B95480-A278-408B-9595-10379CE486EC}.Ad-Hoc|ARM.ActiveCfg = Release|Any CPU
		{A8B95480-A278-408B-9595-10379CE486EC}.Ad-Hoc|ARM.Build.0 = Release|Any CPU
		{A8B95480-A278-408B-9595-10379CE486EC}.Ad-Hoc|ARM.Deploy.0 = Release|Any CPU
		{A8B95480-A278-408B-9595-10379CE486EC}.Ad-Hoc|iPhone.ActiveCfg = Release|Any CPU
		{A8B95480-A278-408B-9595-10379CE486EC}.Ad-Hoc|iPhone.Build.0 = Release|Any CPU
		{A8B95480-A278-408B-9595-10379CE486EC}.Ad-Hoc|iPhone.Deploy.0 = Release|Any CPU
		{A8B95480-A278-408B-9595-10379CE486EC}.Ad-Hoc|iPhoneSimulator.ActiveCfg = Release|Any CPU
		{A8B95480-A278-408B-9595-10379CE486EC}.Ad-Hoc|iPhoneSimulator.Build.0 = Release|Any CPU
		{A8B95480-A278-408B-9595-10379CE486EC}.Ad-Hoc|iPhoneSimulator.Deploy.0 = Release|Any CPU
		{A8B95480-A278-408B-9595-10379CE486EC}.Ad-Hoc|x64.ActiveCfg = Release|Any CPU
		{A8B95480-A278-408B-9595-10379CE486EC}.Ad-Hoc|x64.Build.0 = Release|Any CPU
		{A8B95480-A278-408B-9595-10379CE486EC}.Ad-Hoc|x64.Deploy.0 = Release|Any CPU
		{A8B95480-A278-408B-9595-10379CE486EC}.Ad-Hoc|x86.ActiveCfg = Release|Any CPU
		{A8B95480-A278-408B-9595-10379CE486EC}.Ad-Hoc|x86.Build.0 = Release|Any CPU
		{A8B95480-A278-408B-9595-10379CE486EC}.Ad-Hoc|x86.Deploy.0 = Release|Any CPU
		{A8B95480-A278-408B-9595-10379CE486EC}.AppStore|Any CPU.ActiveCfg = Release|Any CPU
		{A8B95480-A278-408B-9595-10379CE486EC}.AppStore|Any CPU.Build.0 = Release|Any CPU
		{A8B95480-A278-408B-9595-10379CE486EC}.AppStore|Any CPU.Deploy.0 = Release|Any CPU
		{A8B95480-A278-408B-9595-10379CE486EC}.AppStore|ARM.ActiveCfg = Release|Any CPU
		{A8B95480-A278-408B-9595-10379CE486EC}.AppStore|ARM.Build.0 = Release|Any CPU
		{A8B95480-A278-408B-9595-10379CE486EC}.AppStore|ARM.Deploy.0 = Release|Any CPU
		{A8B95480-A278-408B-9595-10379CE486EC}.AppStore|iPhone.ActiveCfg = Release|Any CPU
		{A8B95480-A278-408B-9595-10379CE486EC}.AppStore|iPhone.Build.0 = Release|Any CPU
		{A8B95480-A278-408B-9595-10379CE486EC}.AppStore|iPhone.Deploy.0 = Release|Any CPU
		{A8B95480-A278-408B-9595-10379CE486EC}.AppStore|iPhoneSimulator.ActiveCfg = Release|Any CPU
		{A8B95480-A278-408B-9595-10379CE486EC}.AppStore|iPhoneSimulator.Build.0 = Release|Any CPU
		{A8B95480-A278-408B-9595-10379CE486EC}.AppStore|iPhoneSimulator.Deploy.0 = Release|Any CPU
		{A8B95480-A278-408B-9595-10379CE486EC}.AppStore|x64.ActiveCfg = Release|Any CPU
		{A8B95480-A278-408B-9595-10379CE486EC}.AppStore|x64.Build.0 = Release|Any CPU
		{A8B95480-A278-408B-9595-10379CE486EC}.AppStore|x64.Deploy.0 = Release|Any CPU
		{A8B95480-A278-408B-9595-10379CE486EC}.AppStore|x86.ActiveCfg = Release|Any CPU
		{A8B95480-A278-408B-9595-10379CE486EC}.AppStore|x86.Build.0 = Release|Any CPU
		{A8B95480-A278-408B-9595-10379CE486EC}.AppStore|x86.Deploy.0 = Release|Any CPU
		{A8B95480-A278-408B-9595-10379CE486EC}.Debug|Any CPU.ActiveCfg = Debug|Any CPU
		{A8B95480-A278-408B-9595-10379CE486EC}.Debug|Any CPU.Build.0 = Debug|Any CPU
		{A8B95480-A278-408B-9595-10379CE486EC}.Debug|Any CPU.Deploy.0 = Debug|Any CPU
		{A8B95480-A278-408B-9595-10379CE486EC}.Debug|ARM.ActiveCfg = Debug|Any CPU
		{A8B95480-A278-408B-9595-10379CE486EC}.Debug|ARM.Build.0 = Debug|Any CPU
		{A8B95480-A278-408B-9595-10379CE486EC}.Debug|ARM.Deploy.0 = Debug|Any CPU
		{A8B95480-A278-408B-9595-10379CE486EC}.Debug|iPhone.ActiveCfg = Debug|Any CPU
		{A8B95480-A278-408B-9595-10379CE486EC}.Debug|iPhone.Build.0 = Debug|Any CPU
		{A8B95480-A278-408B-9595-10379CE486EC}.Debug|iPhone.Deploy.0 = Debug|Any CPU
		{A8B95480-A278-408B-9595-10379CE486EC}.Debug|iPhoneSimulator.ActiveCfg = Debug|Any CPU
		{A8B95480-A278-408B-9595-10379CE486EC}.Debug|iPhoneSimulator.Build.0 = Debug|Any CPU
		{A8B95480-A278-408B-9595-10379CE486EC}.Debug|iPhoneSimulator.Deploy.0 = Debug|Any CPU
		{A8B95480-A278-408B-9595-10379CE486EC}.Debug|x64.ActiveCfg = Debug|Any CPU
		{A8B95480-A278-408B-9595-10379CE486EC}.Debug|x64.Build.0 = Debug|Any CPU
		{A8B95480-A278-408B-9595-10379CE486EC}.Debug|x64.Deploy.0 = Debug|Any CPU
		{A8B95480-A278-408B-9595-10379CE486EC}.Debug|x86.ActiveCfg = Debug|Any CPU
		{A8B95480-A278-408B-9595-10379CE486EC}.Debug|x86.Build.0 = Debug|Any CPU
		{A8B95480-A278-408B-9595-10379CE486EC}.Debug|x86.Deploy.0 = Debug|Any CPU
		{A8B95480-A278-408B-9595-10379CE486EC}.Release|Any CPU.ActiveCfg = Release|Any CPU
		{A8B95480-A278-408B-9595-10379CE486EC}.Release|Any CPU.Build.0 = Release|Any CPU
		{A8B95480-A278-408B-9595-10379CE486EC}.Release|Any CPU.Deploy.0 = Release|Any CPU
		{A8B95480-A278-408B-9595-10379CE486EC}.Release|ARM.ActiveCfg = Release|Any CPU
		{A8B95480-A278-408B-9595-10379CE486EC}.Release|ARM.Build.0 = Release|Any CPU
		{A8B95480-A278-408B-9595-10379CE486EC}.Release|ARM.Deploy.0 = Release|Any CPU
		{A8B95480-A278-408B-9595-10379CE486EC}.Release|iPhone.ActiveCfg = Release|Any CPU
		{A8B95480-A278-408B-9595-10379CE486EC}.Release|iPhone.Build.0 = Release|Any CPU
		{A8B95480-A278-408B-9595-10379CE486EC}.Release|iPhone.Deploy.0 = Release|Any CPU
		{A8B95480-A278-408B-9595-10379CE486EC}.Release|iPhoneSimulator.ActiveCfg = Release|Any CPU
		{A8B95480-A278-408B-9595-10379CE486EC}.Release|iPhoneSimulator.Build.0 = Release|Any CPU
		{A8B95480-A278-408B-9595-10379CE486EC}.Release|iPhoneSimulator.Deploy.0 = Release|Any CPU
		{A8B95480-A278-408B-9595-10379CE486EC}.Release|x64.ActiveCfg = Release|Any CPU
		{A8B95480-A278-408B-9595-10379CE486EC}.Release|x64.Build.0 = Release|Any CPU
		{A8B95480-A278-408B-9595-10379CE486EC}.Release|x64.Deploy.0 = Release|Any CPU
		{A8B95480-A278-408B-9595-10379CE486EC}.Release|x86.ActiveCfg = Release|Any CPU
		{A8B95480-A278-408B-9595-10379CE486EC}.Release|x86.Build.0 = Release|Any CPU
		{A8B95480-A278-408B-9595-10379CE486EC}.Release|x86.Deploy.0 = Release|Any CPU
		{CB9EF680-7C40-4D4C-B0AF-DE0F0A2C1034}.Ad-Hoc|Any CPU.ActiveCfg = Release|x64
		{CB9EF680-7C40-4D4C-B0AF-DE0F0A2C1034}.Ad-Hoc|ARM.ActiveCfg = Release|ARM
		{CB9EF680-7C40-4D4C-B0AF-DE0F0A2C1034}.Ad-Hoc|iPhone.ActiveCfg = Release|x64
		{CB9EF680-7C40-4D4C-B0AF-DE0F0A2C1034}.Ad-Hoc|iPhoneSimulator.ActiveCfg = Release|x64
		{CB9EF680-7C40-4D4C-B0AF-DE0F0A2C1034}.Ad-Hoc|x64.ActiveCfg = Release|x64
		{CB9EF680-7C40-4D4C-B0AF-DE0F0A2C1034}.Ad-Hoc|x86.ActiveCfg = Release|x86
		{CB9EF680-7C40-4D4C-B0AF-DE0F0A2C1034}.AppStore|Any CPU.ActiveCfg = Release|x64
		{CB9EF680-7C40-4D4C-B0AF-DE0F0A2C1034}.AppStore|ARM.ActiveCfg = Release|ARM
		{CB9EF680-7C40-4D4C-B0AF-DE0F0A2C1034}.AppStore|iPhone.ActiveCfg = Release|x64
		{CB9EF680-7C40-4D4C-B0AF-DE0F0A2C1034}.AppStore|iPhoneSimulator.ActiveCfg = Release|x64
		{CB9EF680-7C40-4D4C-B0AF-DE0F0A2C1034}.AppStore|x64.ActiveCfg = Release|x64
		{CB9EF680-7C40-4D4C-B0AF-DE0F0A2C1034}.AppStore|x86.ActiveCfg = Release|x86
		{CB9EF680-7C40-4D4C-B0AF-DE0F0A2C1034}.Debug|Any CPU.ActiveCfg = Debug|x86
		{CB9EF680-7C40-4D4C-B0AF-DE0F0A2C1034}.Debug|Any CPU.Build.0 = Debug|x86
		{CB9EF680-7C40-4D4C-B0AF-DE0F0A2C1034}.Debug|Any CPU.Deploy.0 = Debug|x86
		{CB9EF680-7C40-4D4C-B0AF-DE0F0A2C1034}.Debug|ARM.ActiveCfg = Debug|ARM
		{CB9EF680-7C40-4D4C-B0AF-DE0F0A2C1034}.Debug|ARM.Build.0 = Debug|ARM
		{CB9EF680-7C40-4D4C-B0AF-DE0F0A2C1034}.Debug|ARM.Deploy.0 = Debug|ARM
		{CB9EF680-7C40-4D4C-B0AF-DE0F0A2C1034}.Debug|iPhone.ActiveCfg = Debug|x86
		{CB9EF680-7C40-4D4C-B0AF-DE0F0A2C1034}.Debug|iPhoneSimulator.ActiveCfg = Debug|x86
		{CB9EF680-7C40-4D4C-B0AF-DE0F0A2C1034}.Debug|x64.ActiveCfg = Debug|x64
		{CB9EF680-7C40-4D4C-B0AF-DE0F0A2C1034}.Debug|x64.Build.0 = Debug|x64
		{CB9EF680-7C40-4D4C-B0AF-DE0F0A2C1034}.Debug|x64.Deploy.0 = Debug|x64
		{CB9EF680-7C40-4D4C-B0AF-DE0F0A2C1034}.Debug|x86.ActiveCfg = Debug|x86
		{CB9EF680-7C40-4D4C-B0AF-DE0F0A2C1034}.Debug|x86.Build.0 = Debug|x86
		{CB9EF680-7C40-4D4C-B0AF-DE0F0A2C1034}.Debug|x86.Deploy.0 = Debug|x86
		{CB9EF680-7C40-4D4C-B0AF-DE0F0A2C1034}.Release|Any CPU.ActiveCfg = Release|x86
		{CB9EF680-7C40-4D4C-B0AF-DE0F0A2C1034}.Release|Any CPU.Build.0 = Release|x86
		{CB9EF680-7C40-4D4C-B0AF-DE0F0A2C1034}.Release|Any CPU.Deploy.0 = Release|x86
		{CB9EF680-7C40-4D4C-B0AF-DE0F0A2C1034}.Release|ARM.ActiveCfg = Release|ARM
		{CB9EF680-7C40-4D4C-B0AF-DE0F0A2C1034}.Release|ARM.Build.0 = Release|ARM
		{CB9EF680-7C40-4D4C-B0AF-DE0F0A2C1034}.Release|ARM.Deploy.0 = Release|ARM
		{CB9EF680-7C40-4D4C-B0AF-DE0F0A2C1034}.Release|iPhone.ActiveCfg = Release|x86
		{CB9EF680-7C40-4D4C-B0AF-DE0F0A2C1034}.Release|iPhoneSimulator.ActiveCfg = Release|x86
		{CB9EF680-7C40-4D4C-B0AF-DE0F0A2C1034}.Release|x64.ActiveCfg = Release|x64
		{CB9EF680-7C40-4D4C-B0AF-DE0F0A2C1034}.Release|x64.Build.0 = Release|x64
		{CB9EF680-7C40-4D4C-B0AF-DE0F0A2C1034}.Release|x64.Deploy.0 = Release|x64
		{CB9EF680-7C40-4D4C-B0AF-DE0F0A2C1034}.Release|x86.ActiveCfg = Release|x86
		{CB9EF680-7C40-4D4C-B0AF-DE0F0A2C1034}.Release|x86.Build.0 = Release|x86
		{CB9EF680-7C40-4D4C-B0AF-DE0F0A2C1034}.Release|x86.Deploy.0 = Release|x86
		{81E848DF-9CD7-4FA4-8763-19B3DCC88894}.Ad-Hoc|Any CPU.ActiveCfg = Release|Any CPU
		{81E848DF-9CD7-4FA4-8763-19B3DCC88894}.Ad-Hoc|Any CPU.Build.0 = Release|Any CPU
		{81E848DF-9CD7-4FA4-8763-19B3DCC88894}.Ad-Hoc|ARM.ActiveCfg = Release|Any CPU
		{81E848DF-9CD7-4FA4-8763-19B3DCC88894}.Ad-Hoc|ARM.Build.0 = Release|Any CPU
		{81E848DF-9CD7-4FA4-8763-19B3DCC88894}.Ad-Hoc|iPhone.ActiveCfg = Release|Any CPU
		{81E848DF-9CD7-4FA4-8763-19B3DCC88894}.Ad-Hoc|iPhone.Build.0 = Release|Any CPU
		{81E848DF-9CD7-4FA4-8763-19B3DCC88894}.Ad-Hoc|iPhoneSimulator.ActiveCfg = Release|Any CPU
		{81E848DF-9CD7-4FA4-8763-19B3DCC88894}.Ad-Hoc|iPhoneSimulator.Build.0 = Release|Any CPU
		{81E848DF-9CD7-4FA4-8763-19B3DCC88894}.Ad-Hoc|x64.ActiveCfg = Release|Any CPU
		{81E848DF-9CD7-4FA4-8763-19B3DCC88894}.Ad-Hoc|x64.Build.0 = Release|Any CPU
		{81E848DF-9CD7-4FA4-8763-19B3DCC88894}.Ad-Hoc|x86.ActiveCfg = Release|Any CPU
		{81E848DF-9CD7-4FA4-8763-19B3DCC88894}.Ad-Hoc|x86.Build.0 = Release|Any CPU
		{81E848DF-9CD7-4FA4-8763-19B3DCC88894}.AppStore|Any CPU.ActiveCfg = Release|Any CPU
		{81E848DF-9CD7-4FA4-8763-19B3DCC88894}.AppStore|Any CPU.Build.0 = Release|Any CPU
		{81E848DF-9CD7-4FA4-8763-19B3DCC88894}.AppStore|ARM.ActiveCfg = Release|Any CPU
		{81E848DF-9CD7-4FA4-8763-19B3DCC88894}.AppStore|ARM.Build.0 = Release|Any CPU
		{81E848DF-9CD7-4FA4-8763-19B3DCC88894}.AppStore|iPhone.ActiveCfg = Release|Any CPU
		{81E848DF-9CD7-4FA4-8763-19B3DCC88894}.AppStore|iPhone.Build.0 = Release|Any CPU
		{81E848DF-9CD7-4FA4-8763-19B3DCC88894}.AppStore|iPhoneSimulator.ActiveCfg = Release|Any CPU
		{81E848DF-9CD7-4FA4-8763-19B3DCC88894}.AppStore|iPhoneSimulator.Build.0 = Release|Any CPU
		{81E848DF-9CD7-4FA4-8763-19B3DCC88894}.AppStore|x64.ActiveCfg = Release|Any CPU
		{81E848DF-9CD7-4FA4-8763-19B3DCC88894}.AppStore|x64.Build.0 = Release|Any CPU
		{81E848DF-9CD7-4FA4-8763-19B3DCC88894}.AppStore|x86.ActiveCfg = Release|Any CPU
		{81E848DF-9CD7-4FA4-8763-19B3DCC88894}.AppStore|x86.Build.0 = Release|Any CPU
		{81E848DF-9CD7-4FA4-8763-19B3DCC88894}.Debug|Any CPU.ActiveCfg = Debug|Any CPU
		{81E848DF-9CD7-4FA4-8763-19B3DCC88894}.Debug|Any CPU.Build.0 = Debug|Any CPU
		{81E848DF-9CD7-4FA4-8763-19B3DCC88894}.Debug|Any CPU.Deploy.0 = Debug|Any CPU
		{81E848DF-9CD7-4FA4-8763-19B3DCC88894}.Debug|ARM.ActiveCfg = Debug|Any CPU
		{81E848DF-9CD7-4FA4-8763-19B3DCC88894}.Debug|ARM.Build.0 = Debug|Any CPU
		{81E848DF-9CD7-4FA4-8763-19B3DCC88894}.Debug|ARM.Deploy.0 = Debug|Any CPU
		{81E848DF-9CD7-4FA4-8763-19B3DCC88894}.Debug|iPhone.ActiveCfg = Debug|Any CPU
		{81E848DF-9CD7-4FA4-8763-19B3DCC88894}.Debug|iPhone.Build.0 = Debug|Any CPU
		{81E848DF-9CD7-4FA4-8763-19B3DCC88894}.Debug|iPhoneSimulator.ActiveCfg = Debug|Any CPU
		{81E848DF-9CD7-4FA4-8763-19B3DCC88894}.Debug|iPhoneSimulator.Build.0 = Debug|Any CPU
		{81E848DF-9CD7-4FA4-8763-19B3DCC88894}.Debug|x64.ActiveCfg = Debug|Any CPU
		{81E848DF-9CD7-4FA4-8763-19B3DCC88894}.Debug|x64.Build.0 = Debug|Any CPU
		{81E848DF-9CD7-4FA4-8763-19B3DCC88894}.Debug|x64.Deploy.0 = Debug|Any CPU
		{81E848DF-9CD7-4FA4-8763-19B3DCC88894}.Debug|x86.ActiveCfg = Debug|Any CPU
		{81E848DF-9CD7-4FA4-8763-19B3DCC88894}.Debug|x86.Build.0 = Debug|Any CPU
		{81E848DF-9CD7-4FA4-8763-19B3DCC88894}.Debug|x86.Deploy.0 = Debug|Any CPU
		{81E848DF-9CD7-4FA4-8763-19B3DCC88894}.Release|Any CPU.ActiveCfg = Release|Any CPU
		{81E848DF-9CD7-4FA4-8763-19B3DCC88894}.Release|Any CPU.Build.0 = Release|Any CPU
		{81E848DF-9CD7-4FA4-8763-19B3DCC88894}.Release|Any CPU.Deploy.0 = Release|Any CPU
		{81E848DF-9CD7-4FA4-8763-19B3DCC88894}.Release|ARM.ActiveCfg = Release|Any CPU
		{81E848DF-9CD7-4FA4-8763-19B3DCC88894}.Release|ARM.Build.0 = Release|Any CPU
		{81E848DF-9CD7-4FA4-8763-19B3DCC88894}.Release|ARM.Deploy.0 = Release|Any CPU
		{81E848DF-9CD7-4FA4-8763-19B3DCC88894}.Release|iPhone.ActiveCfg = Release|Any CPU
		{81E848DF-9CD7-4FA4-8763-19B3DCC88894}.Release|iPhone.Build.0 = Release|Any CPU
		{81E848DF-9CD7-4FA4-8763-19B3DCC88894}.Release|iPhoneSimulator.ActiveCfg = Release|Any CPU
		{81E848DF-9CD7-4FA4-8763-19B3DCC88894}.Release|iPhoneSimulator.Build.0 = Release|Any CPU
		{81E848DF-9CD7-4FA4-8763-19B3DCC88894}.Release|x64.ActiveCfg = Release|Any CPU
		{81E848DF-9CD7-4FA4-8763-19B3DCC88894}.Release|x64.Build.0 = Release|Any CPU
		{81E848DF-9CD7-4FA4-8763-19B3DCC88894}.Release|x64.Deploy.0 = Release|Any CPU
		{81E848DF-9CD7-4FA4-8763-19B3DCC88894}.Release|x86.ActiveCfg = Release|Any CPU
		{81E848DF-9CD7-4FA4-8763-19B3DCC88894}.Release|x86.Build.0 = Release|Any CPU
		{81E848DF-9CD7-4FA4-8763-19B3DCC88894}.Release|x86.Deploy.0 = Release|Any CPU
		{B19C892E-2628-4CA7-AD27-08D406A3B14B}.Ad-Hoc|Any CPU.ActiveCfg = Release|Any CPU
		{B19C892E-2628-4CA7-AD27-08D406A3B14B}.Ad-Hoc|Any CPU.Build.0 = Release|Any CPU
		{B19C892E-2628-4CA7-AD27-08D406A3B14B}.Ad-Hoc|ARM.ActiveCfg = Release|Any CPU
		{B19C892E-2628-4CA7-AD27-08D406A3B14B}.Ad-Hoc|ARM.Build.0 = Release|Any CPU
		{B19C892E-2628-4CA7-AD27-08D406A3B14B}.Ad-Hoc|iPhone.ActiveCfg = Release|Any CPU
		{B19C892E-2628-4CA7-AD27-08D406A3B14B}.Ad-Hoc|iPhone.Build.0 = Release|Any CPU
		{B19C892E-2628-4CA7-AD27-08D406A3B14B}.Ad-Hoc|iPhoneSimulator.ActiveCfg = Release|Any CPU
		{B19C892E-2628-4CA7-AD27-08D406A3B14B}.Ad-Hoc|iPhoneSimulator.Build.0 = Release|Any CPU
		{B19C892E-2628-4CA7-AD27-08D406A3B14B}.Ad-Hoc|x64.ActiveCfg = Release|Any CPU
		{B19C892E-2628-4CA7-AD27-08D406A3B14B}.Ad-Hoc|x64.Build.0 = Release|Any CPU
		{B19C892E-2628-4CA7-AD27-08D406A3B14B}.Ad-Hoc|x86.ActiveCfg = Release|Any CPU
		{B19C892E-2628-4CA7-AD27-08D406A3B14B}.Ad-Hoc|x86.Build.0 = Release|Any CPU
		{B19C892E-2628-4CA7-AD27-08D406A3B14B}.AppStore|Any CPU.ActiveCfg = Release|Any CPU
		{B19C892E-2628-4CA7-AD27-08D406A3B14B}.AppStore|Any CPU.Build.0 = Release|Any CPU
		{B19C892E-2628-4CA7-AD27-08D406A3B14B}.AppStore|ARM.ActiveCfg = Release|Any CPU
		{B19C892E-2628-4CA7-AD27-08D406A3B14B}.AppStore|ARM.Build.0 = Release|Any CPU
		{B19C892E-2628-4CA7-AD27-08D406A3B14B}.AppStore|iPhone.ActiveCfg = Release|Any CPU
		{B19C892E-2628-4CA7-AD27-08D406A3B14B}.AppStore|iPhone.Build.0 = Release|Any CPU
		{B19C892E-2628-4CA7-AD27-08D406A3B14B}.AppStore|iPhoneSimulator.ActiveCfg = Release|Any CPU
		{B19C892E-2628-4CA7-AD27-08D406A3B14B}.AppStore|iPhoneSimulator.Build.0 = Release|Any CPU
		{B19C892E-2628-4CA7-AD27-08D406A3B14B}.AppStore|x64.ActiveCfg = Release|Any CPU
		{B19C892E-2628-4CA7-AD27-08D406A3B14B}.AppStore|x64.Build.0 = Release|Any CPU
		{B19C892E-2628-4CA7-AD27-08D406A3B14B}.AppStore|x86.ActiveCfg = Release|Any CPU
		{B19C892E-2628-4CA7-AD27-08D406A3B14B}.AppStore|x86.Build.0 = Release|Any CPU
		{B19C892E-2628-4CA7-AD27-08D406A3B14B}.Debug|Any CPU.ActiveCfg = Debug|Any CPU
		{B19C892E-2628-4CA7-AD27-08D406A3B14B}.Debug|Any CPU.Build.0 = Debug|Any CPU
		{B19C892E-2628-4CA7-AD27-08D406A3B14B}.Debug|ARM.ActiveCfg = Debug|Any CPU
		{B19C892E-2628-4CA7-AD27-08D406A3B14B}.Debug|ARM.Build.0 = Debug|Any CPU
		{B19C892E-2628-4CA7-AD27-08D406A3B14B}.Debug|iPhone.ActiveCfg = Debug|Any CPU
		{B19C892E-2628-4CA7-AD27-08D406A3B14B}.Debug|iPhone.Build.0 = Debug|Any CPU
		{B19C892E-2628-4CA7-AD27-08D406A3B14B}.Debug|iPhoneSimulator.ActiveCfg = Debug|Any CPU
		{B19C892E-2628-4CA7-AD27-08D406A3B14B}.Debug|iPhoneSimulator.Build.0 = Debug|Any CPU
		{B19C892E-2628-4CA7-AD27-08D406A3B14B}.Debug|x64.ActiveCfg = Debug|Any CPU
		{B19C892E-2628-4CA7-AD27-08D406A3B14B}.Debug|x64.Build.0 = Debug|Any CPU
		{B19C892E-2628-4CA7-AD27-08D406A3B14B}.Debug|x86.ActiveCfg = Debug|Any CPU
		{B19C892E-2628-4CA7-AD27-08D406A3B14B}.Debug|x86.Build.0 = Debug|Any CPU
		{B19C892E-2628-4CA7-AD27-08D406A3B14B}.Release|Any CPU.ActiveCfg = Release|Any CPU
		{B19C892E-2628-4CA7-AD27-08D406A3B14B}.Release|Any CPU.Build.0 = Release|Any CPU
		{B19C892E-2628-4CA7-AD27-08D406A3B14B}.Release|ARM.ActiveCfg = Release|Any CPU
		{B19C892E-2628-4CA7-AD27-08D406A3B14B}.Release|ARM.Build.0 = Release|Any CPU
		{B19C892E-2628-4CA7-AD27-08D406A3B14B}.Release|iPhone.ActiveCfg = Release|Any CPU
		{B19C892E-2628-4CA7-AD27-08D406A3B14B}.Release|iPhone.Build.0 = Release|Any CPU
		{B19C892E-2628-4CA7-AD27-08D406A3B14B}.Release|iPhoneSimulator.ActiveCfg = Release|Any CPU
		{B19C892E-2628-4CA7-AD27-08D406A3B14B}.Release|iPhoneSimulator.Build.0 = Release|Any CPU
		{B19C892E-2628-4CA7-AD27-08D406A3B14B}.Release|x64.ActiveCfg = Release|Any CPU
		{B19C892E-2628-4CA7-AD27-08D406A3B14B}.Release|x64.Build.0 = Release|Any CPU
		{B19C892E-2628-4CA7-AD27-08D406A3B14B}.Release|x86.ActiveCfg = Release|Any CPU
		{B19C892E-2628-4CA7-AD27-08D406A3B14B}.Release|x86.Build.0 = Release|Any CPU
		{6DC0AEA1-D661-43D5-A294-F8AFE9EB32DB}.Ad-Hoc|Any CPU.ActiveCfg = Ad-Hoc|iPhone
		{6DC0AEA1-D661-43D5-A294-F8AFE9EB32DB}.Ad-Hoc|ARM.ActiveCfg = Ad-Hoc|iPhone
		{6DC0AEA1-D661-43D5-A294-F8AFE9EB32DB}.Ad-Hoc|iPhone.ActiveCfg = Ad-Hoc|iPhone
		{6DC0AEA1-D661-43D5-A294-F8AFE9EB32DB}.Ad-Hoc|iPhone.Build.0 = Ad-Hoc|iPhone
		{6DC0AEA1-D661-43D5-A294-F8AFE9EB32DB}.Ad-Hoc|iPhoneSimulator.ActiveCfg = Ad-Hoc|iPhoneSimulator
		{6DC0AEA1-D661-43D5-A294-F8AFE9EB32DB}.Ad-Hoc|iPhoneSimulator.Build.0 = Ad-Hoc|iPhoneSimulator
		{6DC0AEA1-D661-43D5-A294-F8AFE9EB32DB}.Ad-Hoc|x64.ActiveCfg = Ad-Hoc|iPhone
		{6DC0AEA1-D661-43D5-A294-F8AFE9EB32DB}.Ad-Hoc|x86.ActiveCfg = Ad-Hoc|iPhone
		{6DC0AEA1-D661-43D5-A294-F8AFE9EB32DB}.AppStore|Any CPU.ActiveCfg = AppStore|iPhone
		{6DC0AEA1-D661-43D5-A294-F8AFE9EB32DB}.AppStore|ARM.ActiveCfg = AppStore|iPhone
		{6DC0AEA1-D661-43D5-A294-F8AFE9EB32DB}.AppStore|iPhone.ActiveCfg = AppStore|iPhone
		{6DC0AEA1-D661-43D5-A294-F8AFE9EB32DB}.AppStore|iPhone.Build.0 = AppStore|iPhone
		{6DC0AEA1-D661-43D5-A294-F8AFE9EB32DB}.AppStore|iPhoneSimulator.ActiveCfg = AppStore|iPhoneSimulator
		{6DC0AEA1-D661-43D5-A294-F8AFE9EB32DB}.AppStore|iPhoneSimulator.Build.0 = AppStore|iPhoneSimulator
		{6DC0AEA1-D661-43D5-A294-F8AFE9EB32DB}.AppStore|x64.ActiveCfg = AppStore|iPhone
		{6DC0AEA1-D661-43D5-A294-F8AFE9EB32DB}.AppStore|x86.ActiveCfg = AppStore|iPhone
		{6DC0AEA1-D661-43D5-A294-F8AFE9EB32DB}.Debug|Any CPU.ActiveCfg = Debug|iPhone
		{6DC0AEA1-D661-43D5-A294-F8AFE9EB32DB}.Debug|ARM.ActiveCfg = Debug|iPhone
		{6DC0AEA1-D661-43D5-A294-F8AFE9EB32DB}.Debug|iPhone.ActiveCfg = Debug|iPhone
		{6DC0AEA1-D661-43D5-A294-F8AFE9EB32DB}.Debug|iPhone.Build.0 = Debug|iPhone
		{6DC0AEA1-D661-43D5-A294-F8AFE9EB32DB}.Debug|iPhoneSimulator.ActiveCfg = Debug|iPhoneSimulator
		{6DC0AEA1-D661-43D5-A294-F8AFE9EB32DB}.Debug|iPhoneSimulator.Build.0 = Debug|iPhoneSimulator
		{6DC0AEA1-D661-43D5-A294-F8AFE9EB32DB}.Debug|x64.ActiveCfg = Debug|iPhone
		{6DC0AEA1-D661-43D5-A294-F8AFE9EB32DB}.Debug|x86.ActiveCfg = Debug|iPhone
		{6DC0AEA1-D661-43D5-A294-F8AFE9EB32DB}.Release|Any CPU.ActiveCfg = Release|iPhone
		{6DC0AEA1-D661-43D5-A294-F8AFE9EB32DB}.Release|ARM.ActiveCfg = Release|iPhone
		{6DC0AEA1-D661-43D5-A294-F8AFE9EB32DB}.Release|iPhone.ActiveCfg = Release|iPhone
		{6DC0AEA1-D661-43D5-A294-F8AFE9EB32DB}.Release|iPhone.Build.0 = Release|iPhone
		{6DC0AEA1-D661-43D5-A294-F8AFE9EB32DB}.Release|iPhoneSimulator.ActiveCfg = Release|iPhoneSimulator
		{6DC0AEA1-D661-43D5-A294-F8AFE9EB32DB}.Release|iPhoneSimulator.Build.0 = Release|iPhoneSimulator
		{6DC0AEA1-D661-43D5-A294-F8AFE9EB32DB}.Release|x64.ActiveCfg = Release|iPhone
		{6DC0AEA1-D661-43D5-A294-F8AFE9EB32DB}.Release|x86.ActiveCfg = Release|iPhone
	EndGlobalSection
	GlobalSection(SolutionProperties) = preSolution
		HideSolutionNode = FALSE
	EndGlobalSection
	GlobalSection(ExtensibilityGlobals) = postSolution
		SolutionGuid = {7E47156C-7C1E-4355-AA51-6D3A9E18AC2B}
	EndGlobalSection
EndGlobal
